
Microsoft Visual Studio Solution File, Format Version 12.00
# Visual Studio Version 17
VisualStudioVersion = 17.0.31903.59
MinimumVisualStudioVersion = 10.0.40219.1
Project("{2150E333-8FDC-42A3-9474-1A3956D46DE8}") = "src", "src", "{B42E4909-080E-4C10-9A86-8FE163C1FA3F}"
EndProject
Project("{FAE04EC0-301F-11D3-BF4B-00C04F79EFBC}") = "SimpleAPI", "src\SimpleAPI\SimpleAPI.csproj", "{2B123EF0-BD3B-4D0C-A05F-97F1E1505DE8}"
EndProject
Project("{2150E333-8FDC-42A3-9474-1A3956D46DE8}") = "test", "test", "{602DB8DF-04C0-49EC-98BE-5C4B4876EFAC}"
EndProject
Project("{FAE04EC0-301F-11D3-BF4B-00C04F79EFBC}") = "SimpleAPI.Tests", "test\SimpleAPI.Tests\SimpleAPI.Tests.csproj", "{D8BFA352-9307-4B15-AA01-E8CD6370E67B}"
EndProject
Global
	GlobalSection(SolutionConfigurationPlatforms) = preSolution
		Debug|Any CPU = Debug|Any CPU
		Release|Any CPU = Release|Any CPU
	EndGlobalSection
	GlobalSection(SolutionProperties) = preSolution
		HideSolutionNode = FALSE
	EndGlobalSection
	GlobalSection(ProjectConfigurationPlatforms) = postSolution
		{2B123EF0-BD3B-4D0C-A05F-97F1E1505DE8}.Debug|Any CPU.ActiveCfg = Debug|Any CPU
		{2B123EF0-BD3B-4D0C-A05F-97F1E1505DE8}.Debug|Any CPU.Build.0 = Debug|Any CPU
		{2B123EF0-BD3B-4D0C-A05F-97F1E1505DE8}.Release|Any CPU.ActiveCfg = Release|Any CPU
		{2B123EF0-BD3B-4D0C-A05F-97F1E1505DE8}.Release|Any CPU.Build.0 = Release|Any CPU
		{D8BFA352-9307-4B15-AA01-E8CD6370E67B}.Debug|Any CPU.ActiveCfg = Debug|Any CPU
		{D8BFA352-9307-4B15-AA01-E8CD6370E67B}.Debug|Any CPU.Build.0 = Debug|Any CPU
		{D8BFA352-9307-4B15-AA01-E8CD6370E67B}.Release|Any CPU.ActiveCfg = Release|Any CPU
		{D8BFA352-9307-4B15-AA01-E8CD6370E67B}.Release|Any CPU.Build.0 = Release|Any CPU
	EndGlobalSection
	GlobalSection(NestedProjects) = preSolution
		{2B123EF0-BD3B-4D0C-A05F-97F1E1505DE8} = {B42E4909-080E-4C10-9A86-8FE163C1FA3F}
		{D8BFA352-9307-4B15-AA01-E8CD6370E67B} = {602DB8DF-04C0-49EC-98BE-5C4B4876EFAC}
	EndGlobalSection
EndGlobal
